{
    "_readme": [
        "This file locks the dependencies of your project to a known state",
        "Read more about it at https://getcomposer.org/doc/01-basic-usage.md#composer-lock-the-lock-file",
        "This file is @generated automatically"
    ],
    "hash": "f8626135f47e0f4c13aaf9b665a798b0",
    "content-hash": "ed6ab89e74b367248921840c316e0878",
    "packages": [
        {
            "name": "snoop/snoopframework",
            "version": "v1.4.11",
            "source": {
                "type": "git",
                "url": "https://github.com/papac/snoopframework.git",
                "reference": "4f7f26571faa08b6f10261ea2649e580a3df8287"
            },
            "dist": {
                "type": "zip",
                "url": "https://api.github.com/repos/papac/snoopframework/zipball/4f7f26571faa08b6f10261ea2649e580a3df8287",
                "reference": "4f7f26571faa08b6f10261ea2649e580a3df8287",
                "shasum": ""
            },
            "require-dev": {
                "monolog/monolog": "^1.17",
                "mustache/mustache": "^2.9",
                "twig/twig": "^1.23"
            },
            "type": "library",
            "autoload": {
                "psr-0": {
                    "Snoop\\": "src/"
                }
            },
            "notification-url": "https://packagist.org/downloads/",
            "license": [
                "MIT"
            ],
            "authors": [
                {
                    "name": "Franck Dakia",
                    "email": "dakiafranck@gmail.com"
                },
                {
                    "name": "Etchien Boa",
                    "email": "geekroot9@gmail.com"
                }
            ],
            "description": "The Snoop Framework",
            "keywords": [
                "framework",
                "snoopframework"
            ],
            "time": "2016-01-09 17:01:48"
        }
    ],
    "packages-dev": [],
    "aliases": [],
    "minimum-stability": "dev",
    "stability-flags": [],
    "prefer-stable": false,
    "prefer-lowest": false,
    "platform": {
        "php": ">=5.5.9"
    },
    "platform-dev": []
}
